
Microsoft Visual Studio Solution File, Format Version 12.00
# Visual Studio Version 17
VisualStudioVersion = 17.14.36301.6 d17.14
MinimumVisualStudioVersion = 10.0.40219.1
Project("{FAE04EC0-301F-11D3-BF4B-00C04F79EFBC}") = "Exam_OOP", "Exam_OOP\Exam_OOP.csproj", "{45E6B722-B15A-4F56-B7EB-BB1AFF975EAE}"
EndProject
Global
	GlobalSection(SolutionConfigurationPlatforms) = preSolution
		Debug|Any CPU = Debug|Any CPU
		Release|Any CPU = Release|Any CPU
	EndGlobalSection
	GlobalSection(ProjectConfigurationPlatforms) = postSolution
		{45E6B722-B15A-4F56-B7EB-BB1AFF975EAE}.Debug|Any CPU.ActiveCfg = Debug|Any CPU
		{45E6B722-B15A-4F56-B7EB-BB1AFF975EAE}.Debug|Any CPU.Build.0 = Debug|Any CPU
		{45E6B722-B15A-4F56-B7EB-BB1AFF975EAE}.Release|Any CPU.ActiveCfg = Release|Any CPU
		{45E6B722-B15A-4F56-B7EB-BB1AFF975EAE}.Release|Any CPU.Build.0 = Release|Any CPU
	EndGlobalSection
	GlobalSection(SolutionProperties) = preSolution
		HideSolutionNode = FALSE
	EndGlobalSection
	GlobalSection(ExtensibilityGlobals) = postSolution
		SolutionGuid = {17785645-ECF4-498A-A8BF-EDCFE7B9A6FB}
	EndGlobalSection
EndGlobal
